{
  "pins" : [
    {
      "identity" : "primer-klarna-sdk-ios",
      "kind" : "remoteSourceControl",
      "location" : "https://github.com/primer-io/primer-klarna-sdk-ios.git",
      "state" : {
        "revision" : "f13260c24a900f28e21bafd213c22191e6280e86",
        "version" : "1.0.4"
      }
    },
    {
      "identity" : "primer-sdk-ios",
      "kind" : "remoteSourceControl",
      "location" : "https://github.com/primer-io/primer-sdk-ios.git",
      "state" : {
        "branch" : "jn/co-badged-cards/dx-align",
        "revision" : "6e752f8cb965850f3a3cc5eb6db6b9f692637efe"
      }
    }
  ],
  "version" : 2
}
