{
  "pins" : [
    {
      "identity" : "primer-klarna-sdk-ios",
      "kind" : "remoteSourceControl",
      "location" : "https://github.com/primer-io/primer-klarna-sdk-ios.git",
      "state" : {
        "revision" : "f13260c24a900f28e21bafd213c22191e6280e86",
        "version" : "1.0.4"
      }
    },
    {
      "identity" : "primer-sdk-ios",
      "kind" : "remoteSourceControl",
      "location" : "https://github.com/primer-io/primer-sdk-ios.git",
      "state" : {
        "branch" : "feature/co-badged-cards",
        "revision" : "069a799e157b2b307038ed5da0697ce7ac852287"
      }
    }
  ],
  "version" : 2
}
